
Microsoft Visual Studio Solution File, Format Version 12.00
# Visual Studio Version 16
VisualStudioVersion = 16.0.30907.101
MinimumVisualStudioVersion = 10.0.40219.1
Project("{FAE04EC0-301F-11D3-BF4B-00C04F79EFBC}") = "ExaminationCreator", "Sessions_Uploader\ExaminationCreator.csproj", "{53648203-641E-403A-B07E-0181339A000E}"
EndProject
Global
	GlobalSection(SolutionConfigurationPlatforms) = preSolution
		Debug|Any CPU = Debug|Any CPU
		Release|Any CPU = Release|Any CPU
	EndGlobalSection
	GlobalSection(ProjectConfigurationPlatforms) = postSolution
		{53648203-641E-403A-B07E-0181339A000E}.Debug|Any CPU.ActiveCfg = Debug|Any CPU
		{53648203-641E-403A-B07E-0181339A000E}.Debug|Any CPU.Build.0 = Debug|Any CPU
		{53648203-641E-403A-B07E-0181339A000E}.Release|Any CPU.ActiveCfg = Release|Any CPU
		{53648203-641E-403A-B07E-0181339A000E}.Release|Any CPU.Build.0 = Release|Any CPU
	EndGlobalSection
	GlobalSection(SolutionProperties) = preSolution
		HideSolutionNode = FALSE
	EndGlobalSection
	GlobalSection(ExtensibilityGlobals) = postSolution
		SolutionGuid = {34ABA68B-66BE-4AE5-AE27-5041540F831F}
	EndGlobalSection
EndGlobal
